
Microsoft Visual Studio Solution File, Format Version 12.00
# Visual Studio Version 16
VisualStudioVersion = 16.0.32228.343
MinimumVisualStudioVersion = 10.0.40219.1
Project("{FAE04EC0-301F-11D3-BF4B-00C04F79EFBC}") = "Praktik-UI", "Praktik-UI\Praktik-UI.csproj", "{BB1856C8-3998-4DEA-9DC7-2658A1297A7D}"
EndProject
Global
	GlobalSection(SolutionConfigurationPlatforms) = preSolution
		Debug|Any CPU = Debug|Any CPU
		Release|Any CPU = Release|Any CPU
	EndGlobalSection
	GlobalSection(ProjectConfigurationPlatforms) = postSolution
		{BB1856C8-3998-4DEA-9DC7-2658A1297A7D}.Debug|Any CPU.ActiveCfg = Debug|Any CPU
		{BB1856C8-3998-4DEA-9DC7-2658A1297A7D}.Debug|Any CPU.Build.0 = Debug|Any CPU
		{BB1856C8-3998-4DEA-9DC7-2658A1297A7D}.Release|Any CPU.ActiveCfg = Release|Any CPU
		{BB1856C8-3998-4DEA-9DC7-2658A1297A7D}.Release|Any CPU.Build.0 = Release|Any CPU
	EndGlobalSection
	GlobalSection(SolutionProperties) = preSolution
		HideSolutionNode = FALSE
	EndGlobalSection
	GlobalSection(ExtensibilityGlobals) = postSolution
		SolutionGuid = {E10DC40F-6BA9-4893-9696-23A2824290D1}
	EndGlobalSection
EndGlobal
